<?xml version="1.0" encoding="utf-8"?>
<Project ToolsVersion="4.0" xmlns="http://schemas.microsoft.com/developer/msbuild/2003">
  <ItemGroup>
    <Filter Include="Source files">
      <UniqueIdentifier>{653dd144-1365-40c5-9f85-f20e80ea8ba0}</UniqueIdentifier>
      <Extensions>cpp;c;cc;cxx;def;odl;idl;hpj;bat;asm;asmx</Extensions>
    </Filter>
    <Filter Include="Header files">
      <UniqueIdentifier>{38216134-bb39-4aba-86f3-041087d48370}</UniqueIdentifier>
      <Extensions>h;hpp;hxx;hm;inl;inc;xsd</Extensions>
    </Filter>
    <Filter Include="Resource files">
      <UniqueIdentifier>{a3ec3ef4-e9af-40c4-a970-c4012e972901}</UniqueIdentifier>
      <Extensions>rc;ico;cur;bmp;dlg;rc2;rct;bin;rgs;gif;jpg;jpeg;jpe;resx;tiff;tif;png;wav</Extensions>
    </Filter>
    <Filter Include="Make files">
      <UniqueIdentifier>{241f6e1b-fc55-4680-8223-3df6310fb154}</UniqueIdentifier>
    </Filter>
    <Filter Include="VisualGDB settings">
      <UniqueIdentifier>{28203b14-8c74-460b-8820-819cc1bf8ebc}</UniqueIdentifier>
    </Filter>
  </ItemGroup>
  <ItemGroup>
    <None Include="debug.mak">
      <Filter>Make files</Filter>
    </None>
    <None Include="release.mak">
      <Filter>Make files</Filter>
    </None>
    <None Include="libgo-Release.vgdbsettings">
      <Filter>VisualGDB settings</Filter>
    </None>
    <None Include="libgo-Debug.vgdbsettings">
      <Filter>VisualGDB settings</Filter>
    </None>
  </ItemGroup>
  <ItemGroup>
    <None Include="Makefile" />
  </ItemGroup>
  <ItemGroup>
    <ClInclude Include="block_object.h">
      <Filter>Header files</Filter>
    </ClInclude>
    <ClInclude Include="channel.h">
      <Filter>Header files</Filter>
    </ClInclude>
    <ClInclude Include="co_mutex.h">
      <Filter>Header files</Filter>
    </ClInclude>
    <ClInclude Include="co_rwmutex.h">
      <Filter>Header files</Filter>
    </ClInclude>
    <ClInclude Include="config.h">
      <Filter>Header files</Filter>
    </ClInclude>
    <ClInclude Include="context.h">
      <Filter>Header files</Filter>
    </ClInclude>
    <ClInclude Include="coroutine.h">
      <Filter>Header files</Filter>
    </ClInclude>
    <ClInclude Include="debugger.h">
      <Filter>Header files</Filter>
    </ClInclude>
    <ClInclude Include="error.h">
      <Filter>Header files</Filter>
    </ClInclude>
    <ClInclude Include="gcc_Debug.h">
      <Filter>Header files</Filter>
    </ClInclude>
    <ClInclude Include="gcc_Release.h">
      <Filter>Header files</Filter>
    </ClInclude>
    <ClInclude Include="libgo.h">
      <Filter>Header files</Filter>
    </ClInclude>
    <ClInclude Include="processer.h">
      <Filter>Header files</Filter>
    </ClInclude>
    <ClInclude Include="scheduler.h">
      <Filter>Header files</Filter>
    </ClInclude>
    <ClInclude Include="sleep_wait.h">
      <Filter>Header files</Filter>
    </ClInclude>
    <ClInclude Include="spinlock.h">
      <Filter>Header files</Filter>
    </ClInclude>
    <ClInclude Include="task.h">
      <Filter>Header files</Filter>
    </ClInclude>
    <ClInclude Include="thread_pool.h">
      <Filter>Header files</Filter>
    </ClInclude>
    <ClInclude Include="timer.h">
      <Filter>Header files</Filter>
    </ClInclude>
    <ClInclude Include="ts_queue.h">
      <Filter>Header files</Filter>
    </ClInclude>
    <ClInclude Include="util.h">
      <Filter>Header files</Filter>
    </ClInclude>
  </ItemGroup>
  <ItemGroup>
    <ClCompile Include="block_object.cpp">
      <Filter>Source files</Filter>
    </ClCompile>
    <ClCompile Include="co_mutex.cpp">
      <Filter>Source files</Filter>
    </ClCompile>
    <ClCompile Include="co_rwmutex.cpp">
      <Filter>Source files</Filter>
    </ClCompile>
    <ClCompile Include="config.cpp">
      <Filter>Source files</Filter>
    </ClCompile>
    <ClCompile Include="debugger.cpp">
      <Filter>Source files</Filter>
    </ClCompile>
    <ClCompile Include="error.cpp">
      <Filter>Source files</Filter>
    </ClCompile>
    <ClCompile Include="libgo.cpp">
      <Filter>Source files</Filter>
    </ClCompile>
    <ClCompile Include="processer.cpp">
      <Filter>Source files</Filter>
    </ClCompile>
    <ClCompile Include="scheduler.cpp">
      <Filter>Source files</Filter>
    </ClCompile>
    <ClCompile Include="sleep_wait.cpp">
      <Filter>Source files</Filter>
    </ClCompile>
    <ClCompile Include="task.cpp">
      <Filter>Source files</Filter>
    </ClCompile>
    <ClCompile Include="thread_pool.cpp">
      <Filter>Source files</Filter>
    </ClCompile>
    <ClCompile Include="timer.cpp">
      <Filter>Source files</Filter>
    </ClCompile>
  </ItemGroup>
</Project>