<?xml version="1.0" encoding="utf-8"?>
<Project ToolsVersion="4.0" xmlns="http://schemas.microsoft.com/developer/msbuild/2003">
  <ItemGroup>
    <Filter Include="Source files">
      <UniqueIdentifier>{58b16690-c673-4c19-8756-a84fa7ff9898}</UniqueIdentifier>
      <Extensions>cpp;c;cc;cxx;def;odl;idl;hpj;bat;asm;asmx</Extensions>
    </Filter>
    <Filter Include="Header files">
      <UniqueIdentifier>{91eb2580-308f-4b50-9561-72a613d452e6}</UniqueIdentifier>
      <Extensions>h;hpp;hxx;hm;inl;inc;xsd</Extensions>
    </Filter>
    <Filter Include="Resource files">
      <UniqueIdentifier>{ab5d37a5-95b0-4514-ac46-263e2f00397f}</UniqueIdentifier>
      <Extensions>rc;ico;cur;bmp;dlg;rc2;rct;bin;rgs;gif;jpg;jpeg;jpe;resx;tiff;tif;png;wav</Extensions>
    </Filter>
    <Filter Include="VisualGDB settings">
      <UniqueIdentifier>{0fe0dd98-0e11-4d37-9a96-1612df347d63}</UniqueIdentifier>
    </Filter>
  </ItemGroup>
  <ItemGroup>
    <None Include="ic-dpi-Debug.vgdbsettings">
      <Filter>VisualGDB settings</Filter>
    </None>
    <None Include="ic-dpi-Release.vgdbsettings">
      <Filter>VisualGDB settings</Filter>
    </None>
  </ItemGroup>
  <ItemGroup>
    <Text Include="..\CMakeLists.txt" />
  </ItemGroup>
  <ItemGroup>
    <ClCompile Include="..\ConnectMgr.cpp">
      <Filter>Source files</Filter>
    </ClCompile>
    <ClCompile Include="..\LvldbMgr.cpp">
      <Filter>Source files</Filter>
    </ClCompile>
    <ClCompile Include="..\main.cpp">
      <Filter>Source files</Filter>
    </ClCompile>
    <ClCompile Include="..\PcapModule.cpp">
      <Filter>Source files</Filter>
    </ClCompile>
  </ItemGroup>
  <ItemGroup>
    <ClInclude Include="..\ConnectMgr.h">
      <Filter>Header files</Filter>
    </ClInclude>
    <ClInclude Include="..\..\..\tms\tms\TMSMessage.h">
      <Filter>Header files</Filter>
    </ClInclude>
    <ClInclude Include="..\..\..\tms\tms\TMSDataTypes.h">
      <Filter>Header files</Filter>
    </ClInclude>
    <ClInclude Include="..\LvldbMgr.h">
      <Filter>Header files</Filter>
    </ClInclude>
    <ClInclude Include="..\PcapModule.h">
      <Filter>Header files</Filter>
    </ClInclude>
  </ItemGroup>
</Project>