<?xml version="1.0" encoding="utf-8"?>
<Project ToolsVersion="4.0" xmlns="http://schemas.microsoft.com/developer/msbuild/2003">
  <ItemGroup>
    <Filter Include="Source files">
      <UniqueIdentifier>{8be09189-3637-465c-a879-bb9b1da9a6f3}</UniqueIdentifier>
      <Extensions>cpp;c;cc;cxx;def;odl;idl;hpj;bat;asm;asmx</Extensions>
    </Filter>
    <Filter Include="Header files">
      <UniqueIdentifier>{061ee1cd-194d-429b-b64d-c18a81ccc9af}</UniqueIdentifier>
      <Extensions>h;hpp;hxx;hm;inl;inc;xsd</Extensions>
    </Filter>
    <Filter Include="Resource files">
      <UniqueIdentifier>{2a3a5b5b-94f1-47e4-89ce-b6e8ba26761c}</UniqueIdentifier>
      <Extensions>rc;ico;cur;bmp;dlg;rc2;rct;bin;rgs;gif;jpg;jpeg;jpe;resx;tiff;tif;png;wav</Extensions>
    </Filter>
    <Filter Include="Make files">
      <UniqueIdentifier>{acb2feda-8cce-4723-b4c8-fc9fc0503c76}</UniqueIdentifier>
    </Filter>
    <Filter Include="VisualGDB settings">
      <UniqueIdentifier>{ce079e04-fb87-4439-9e9d-6d979ee9978e}</UniqueIdentifier>
    </Filter>
  </ItemGroup>
  <ItemGroup>
    <None Include="debug.mak">
      <Filter>Make files</Filter>
    </None>
    <None Include="release.mak">
      <Filter>Make files</Filter>
    </None>
    <None Include="tms-Debug.vgdbsettings">
      <Filter>VisualGDB settings</Filter>
    </None>
    <None Include="tms-Release.vgdbsettings">
      <Filter>VisualGDB settings</Filter>
    </None>
    <ClCompile Include="ConnectMgr.cpp">
      <Filter>Source files</Filter>
    </ClCompile>
    <ClCompile Include="main.cpp">
      <Filter>Source files</Filter>
    </ClCompile>
  </ItemGroup>
  <ItemGroup>
    <None Include="Makefile" />
  </ItemGroup>
  <ItemGroup>
    <ClInclude Include="ConnectMgr.h">
      <Filter>Header files</Filter>
    </ClInclude>
    <ClInclude Include="resource.h">
      <Filter>Header files</Filter>
    </ClInclude>
    <ClInclude Include="TMSDataTypes.h">
      <Filter>Header files</Filter>
    </ClInclude>
    <ClInclude Include="TMSMessage.h">
      <Filter>Header files</Filter>
    </ClInclude>
    <ClInclude Include="UserMgr.h">
      <Filter>Header files</Filter>
    </ClInclude>
    <ClInclude Include="DnsCache.h">
      <Filter>Header files</Filter>
    </ClInclude>
    <ClInclude Include="SCB.h">
      <Filter>Header files</Filter>
    </ClInclude>
  </ItemGroup>
  <ItemGroup>
    <ClCompile Include="UserMgr.cpp">
      <Filter>Source files</Filter>
    </ClCompile>
    <ClCompile Include="DnsCache.cpp">
      <Filter>Source files</Filter>
    </ClCompile>
    <ClCompile Include="SCB.cpp">
      <Filter>Source files</Filter>
    </ClCompile>
  </ItemGroup>
</Project>